
Microsoft Visual Studio Solution File, Format Version 12.00
# Visual Studio 2012
Project("{FAE04EC0-301F-11D3-BF4B-00C04F79EFBC}") = "PizzaOnline", "PizzaOnline\PizzaOnline.csproj", "{3708792A-34FE-4613-B21F-7DF2410ECAB9}"
EndProject
Project("{FAE04EC0-301F-11D3-BF4B-00C04F79EFBC}") = "DataModel", "DataModel\DataModel.csproj", "{34DCA040-2C9A-4E37-81B1-03383158054C}"
EndProject
Global
	GlobalSection(SolutionConfigurationPlatforms) = preSolution
		Debug|Any CPU = Debug|Any CPU
		Release|Any CPU = Release|Any CPU
	EndGlobalSection
	GlobalSection(ProjectConfigurationPlatforms) = postSolution
		{3708792A-34FE-4613-B21F-7DF2410ECAB9}.Debug|Any CPU.ActiveCfg = Debug|Any CPU
		{3708792A-34FE-4613-B21F-7DF2410ECAB9}.Debug|Any CPU.Build.0 = Debug|Any CPU
		{3708792A-34FE-4613-B21F-7DF2410ECAB9}.Release|Any CPU.ActiveCfg = Release|Any CPU
		{3708792A-34FE-4613-B21F-7DF2410ECAB9}.Release|Any CPU.Build.0 = Release|Any CPU
		{34DCA040-2C9A-4E37-81B1-03383158054C}.Debug|Any CPU.ActiveCfg = Debug|Any CPU
		{34DCA040-2C9A-4E37-81B1-03383158054C}.Debug|Any CPU.Build.0 = Debug|Any CPU
		{34DCA040-2C9A-4E37-81B1-03383158054C}.Release|Any CPU.ActiveCfg = Release|Any CPU
		{34DCA040-2C9A-4E37-81B1-03383158054C}.Release|Any CPU.Build.0 = Release|Any CPU
	EndGlobalSection
	GlobalSection(SolutionProperties) = preSolution
		HideSolutionNode = FALSE
	EndGlobalSection
EndGlobal
